
Microsoft Visual Studio Solution File, Format Version 12.00
# Visual Studio Version 17
VisualStudioVersion = 17.10.35122.118
MinimumVisualStudioVersion = 10.0.40219.1
Project("{FAE04EC0-301F-11D3-BF4B-00C04F79EFBC}") = "OtzarHaSeforim", "OtzarHaSeforim\OtzarHaSeforim.csproj", "{A5A9FDFF-7480-4C8A-831F-72781AFEF6A2}"
EndProject
Global
	GlobalSection(SolutionConfigurationPlatforms) = preSolution
		Debug|Any CPU = Debug|Any CPU
		Release|Any CPU = Release|Any CPU
	EndGlobalSection
	GlobalSection(ProjectConfigurationPlatforms) = postSolution
		{A5A9FDFF-7480-4C8A-831F-72781AFEF6A2}.Debug|Any CPU.ActiveCfg = Debug|Any CPU
		{A5A9FDFF-7480-4C8A-831F-72781AFEF6A2}.Debug|Any CPU.Build.0 = Debug|Any CPU
		{A5A9FDFF-7480-4C8A-831F-72781AFEF6A2}.Release|Any CPU.ActiveCfg = Release|Any CPU
		{A5A9FDFF-7480-4C8A-831F-72781AFEF6A2}.Release|Any CPU.Build.0 = Release|Any CPU
	EndGlobalSection
	GlobalSection(SolutionProperties) = preSolution
		HideSolutionNode = FALSE
	EndGlobalSection
	GlobalSection(ExtensibilityGlobals) = postSolution
		SolutionGuid = {CF2F7A6F-3B10-41CB-AFE2-1FEF6212EF9C}
	EndGlobalSection
EndGlobal
